github.com/gethugothemes/hugo-modules/gallery-slider v0.0.0-20240423040330-6260da698660 h1:1zFrfBd3QQpHpi4v9B8x8FaQVg8Gzc6p5WKBbnnUre0=
github.com/gethugothemes/hugo-modules/gallery-slider v0.0.0-20240423040330-6260da698660/go.mod h1:MvQ2js/ofZ22CTX5wuvE+dC0rMe6C5HAWL2fEOu/yzE=
github.com/gethugothemes/hugo-modules/images v0.0.0-20230705095442-1f2d5ac8b18d h1:4BSpUG0gKaEV0P5KTS37Z3GQuzfuEM3cZWBAql1XztU=
github.com/gethugothemes/hugo-modules/images v0.0.0-20230705095442-1f2d5ac8b18d/go.mod h1:FKliP3qOW9diIcQeLtyZ0Hdhg3PL8bdAkC/6O+XtU90=
github.com/gethugothemes/hugo-modules/videos v0.0.0-20240423040330-6260da698660 h1:lX74U/p2/3Nhe/HRH0A3BmpWYSafvkT/V3OeU+pfuKc=
github.com/gethugothemes/hugo-modules/videos v0.0.0-20240423040330-6260da698660/go.mod h1:P722lLWdnNhdZVq6gvMrOLqECUwrAYQWaOWlChta5H0=
